
Microsoft Visual Studio Solution File, Format Version 12.00
# Visual Studio Version 17
VisualStudioVersion = 17.14.36203.30 d17.14
MinimumVisualStudioVersion = 10.0.40219.1
Project("{FAE04EC0-301F-11D3-BF4B-00C04F79EFBC}") = "fukuv0613", "fukuv0613\fukuv0613.csproj", "{C6196E0B-A398-40C9-9763-ABE0F50D67FE}"
EndProject
Global
	GlobalSection(SolutionConfigurationPlatforms) = preSolution
		Debug|Any CPU = Debug|Any CPU
		Release|Any CPU = Release|Any CPU
	EndGlobalSection
	GlobalSection(ProjectConfigurationPlatforms) = postSolution
		{C6196E0B-A398-40C9-9763-ABE0F50D67FE}.Debug|Any CPU.ActiveCfg = Debug|Any CPU
		{C6196E0B-A398-40C9-9763-ABE0F50D67FE}.Debug|Any CPU.Build.0 = Debug|Any CPU
		{C6196E0B-A398-40C9-9763-ABE0F50D67FE}.Release|Any CPU.ActiveCfg = Release|Any CPU
		{C6196E0B-A398-40C9-9763-ABE0F50D67FE}.Release|Any CPU.Build.0 = Release|Any CPU
	EndGlobalSection
	GlobalSection(SolutionProperties) = preSolution
		HideSolutionNode = FALSE
	EndGlobalSection
	GlobalSection(ExtensibilityGlobals) = postSolution
		SolutionGuid = {42E73D3D-AE7E-4F4A-8252-B0A2B28025EB}
	EndGlobalSection
EndGlobal
